
Microsoft Visual Studio Solution File, Format Version 12.00
# Visual Studio Version 16
VisualStudioVersion = 16.0.31911.196
MinimumVisualStudioVersion = 10.0.40219.1
Project("{FAE04EC0-301F-11D3-BF4B-00C04F79EFBC}") = "GradingStudents", "GradingStudents.csproj", "{9B0B618B-63B1-4E9B-8FD0-11931E98F064}"
EndProject
Global
	GlobalSection(SolutionConfigurationPlatforms) = preSolution
		Debug|Any CPU = Debug|Any CPU
		Release|Any CPU = Release|Any CPU
	EndGlobalSection
	GlobalSection(ProjectConfigurationPlatforms) = postSolution
		{9B0B618B-63B1-4E9B-8FD0-11931E98F064}.Debug|Any CPU.ActiveCfg = Debug|Any CPU
		{9B0B618B-63B1-4E9B-8FD0-11931E98F064}.Debug|Any CPU.Build.0 = Debug|Any CPU
		{9B0B618B-63B1-4E9B-8FD0-11931E98F064}.Release|Any CPU.ActiveCfg = Release|Any CPU
		{9B0B618B-63B1-4E9B-8FD0-11931E98F064}.Release|Any CPU.Build.0 = Release|Any CPU
	EndGlobalSection
	GlobalSection(SolutionProperties) = preSolution
		HideSolutionNode = FALSE
	EndGlobalSection
	GlobalSection(ExtensibilityGlobals) = postSolution
		SolutionGuid = {A8A164D8-D27B-4033-9BDA-AB1A4AD50B89}
	EndGlobalSection
EndGlobal
